
Microsoft Visual Studio Solution File, Format Version 12.00
# Visual Studio Version 16
VisualStudioVersion = 16.0.31410.357
MinimumVisualStudioVersion = 10.0.40219.1
Project("{FAE04EC0-301F-11D3-BF4B-00C04F79EFBC}") = "NicoNicoNii.Test", "NicoNicoNii.Test\NicoNicoNii.Test.csproj", "{16117A40-DFEF-4A7E-B470-D17FA2183C52}"
EndProject
Project("{9A19103F-16F7-4668-BE54-9A1E7A4F7556}") = "NicoNicoNii", "NicoNicoNii\NicoNicoNii.csproj", "{AAAA4E94-0731-451B-B1E4-A76FFAEB8643}"
EndProject
Global
	GlobalSection(SolutionConfigurationPlatforms) = preSolution
		Debug|Any CPU = Debug|Any CPU
		Release|Any CPU = Release|Any CPU
	EndGlobalSection
	GlobalSection(ProjectConfigurationPlatforms) = postSolution
		{16117A40-DFEF-4A7E-B470-D17FA2183C52}.Debug|Any CPU.ActiveCfg = Debug|Any CPU
		{16117A40-DFEF-4A7E-B470-D17FA2183C52}.Debug|Any CPU.Build.0 = Debug|Any CPU
		{16117A40-DFEF-4A7E-B470-D17FA2183C52}.Release|Any CPU.ActiveCfg = Release|Any CPU
		{16117A40-DFEF-4A7E-B470-D17FA2183C52}.Release|Any CPU.Build.0 = Release|Any CPU
		{AAAA4E94-0731-451B-B1E4-A76FFAEB8643}.Debug|Any CPU.ActiveCfg = Debug|Any CPU
		{AAAA4E94-0731-451B-B1E4-A76FFAEB8643}.Debug|Any CPU.Build.0 = Debug|Any CPU
		{AAAA4E94-0731-451B-B1E4-A76FFAEB8643}.Release|Any CPU.ActiveCfg = Release|Any CPU
		{AAAA4E94-0731-451B-B1E4-A76FFAEB8643}.Release|Any CPU.Build.0 = Release|Any CPU
	EndGlobalSection
	GlobalSection(SolutionProperties) = preSolution
		HideSolutionNode = FALSE
	EndGlobalSection
	GlobalSection(ExtensibilityGlobals) = postSolution
		SolutionGuid = {002CB8D2-17C8-41E3-879B-59B90B36B5E6}
	EndGlobalSection
EndGlobal
